
Microsoft Visual Studio Solution File, Format Version 12.00
# Visual Studio Version 17
VisualStudioVersion = 17.0.32014.148
MinimumVisualStudioVersion = 10.0.40219.1
Project("{2150E333-8FDC-42A3-9474-1A3956D46DE8}") = "src", "src", "{F6BE22FC-18E3-43F2-BAD6-6FCD9CF895A6}"
EndProject
Project("{9A19103F-16F7-4668-BE54-9A1E7A4F7556}") = "GSS.DeviceId.Extensions", "src\GSS.DeviceId.Extensions\GSS.DeviceId.Extensions.csproj", "{844668EE-3AEE-48A7-99A2-D73EC381AEF7}"
EndProject
Global
	GlobalSection(SolutionConfigurationPlatforms) = preSolution
		Debug|Any CPU = Debug|Any CPU
		Release|Any CPU = Release|Any CPU
	EndGlobalSection
	GlobalSection(ProjectConfigurationPlatforms) = postSolution
		{844668EE-3AEE-48A7-99A2-D73EC381AEF7}.Debug|Any CPU.ActiveCfg = Debug|Any CPU
		{844668EE-3AEE-48A7-99A2-D73EC381AEF7}.Debug|Any CPU.Build.0 = Debug|Any CPU
		{844668EE-3AEE-48A7-99A2-D73EC381AEF7}.Release|Any CPU.ActiveCfg = Release|Any CPU
		{844668EE-3AEE-48A7-99A2-D73EC381AEF7}.Release|Any CPU.Build.0 = Release|Any CPU
	EndGlobalSection
	GlobalSection(SolutionProperties) = preSolution
		HideSolutionNode = FALSE
	EndGlobalSection
	GlobalSection(NestedProjects) = preSolution
		{844668EE-3AEE-48A7-99A2-D73EC381AEF7} = {F6BE22FC-18E3-43F2-BAD6-6FCD9CF895A6}
	EndGlobalSection
	GlobalSection(ExtensibilityGlobals) = postSolution
		SolutionGuid = {B16DC3B5-2F32-4B17-9DCF-827C681D9A51}
	EndGlobalSection
EndGlobal
